
Microsoft Visual Studio Solution File, Format Version 12.00
# Visual Studio 14
VisualStudioVersion = 14.0.23107.0
MinimumVisualStudioVersion = 10.0.40219.1
Project("{8BC9CEB8-8B4A-11D0-8D11-00A0C91BC942}") = "113", "IMPA\IMPA.vcxproj", "{2A8CAA34-BCD8-4ABA-BCBC-ECBFFE6C66BD}"
EndProject
Project("{8BC9CEB8-8B4A-11D0-8D11-00A0C91BC942}") = "102", "..\102\102\102.vcxproj", "{15FAA158-8C77-404D-A04C-4ACC34752E36}"
EndProject
Project("{8BC9CEB8-8B4A-11D0-8D11-00A0C91BC942}") = "10935", "10935\10935.vcxproj", "{B2C618B6-49EB-4EB8-B46C-0A1A83AAC769}"
EndProject
Project("{8BC9CEB8-8B4A-11D0-8D11-00A0C91BC942}") = "105", "105\105.vcxproj", "{379F471E-039A-4B9F-B72F-FFD467216F3D}"
EndProject
Project("{8BC9CEB8-8B4A-11D0-8D11-00A0C91BC942}") = "110", "110\110.vcxproj", "{71A49343-F8F0-4B11-A945-DF20DE0352B4}"
EndProject
Project("{8BC9CEB8-8B4A-11D0-8D11-00A0C91BC942}") = "10826", "10826\10826.vcxproj", "{9B01EE98-5E6E-40FF-9119-F97113241E96}"
EndProject
Project("{8BC9CEB8-8B4A-11D0-8D11-00A0C91BC942}") = "10522", "10522\10522.vcxproj", "{0890D108-A794-4604-A278-F882756DD48A}"
EndProject
Global
	GlobalSection(SolutionConfigurationPlatforms) = preSolution
		Debug|x64 = Debug|x64
		Debug|x86 = Debug|x86
		Release|x64 = Release|x64
		Release|x86 = Release|x86
	EndGlobalSection
	GlobalSection(ProjectConfigurationPlatforms) = postSolution
		{2A8CAA34-BCD8-4ABA-BCBC-ECBFFE6C66BD}.Debug|x64.ActiveCfg = Debug|x64
		{2A8CAA34-BCD8-4ABA-BCBC-ECBFFE6C66BD}.Debug|x64.Build.0 = Debug|x64
		{2A8CAA34-BCD8-4ABA-BCBC-ECBFFE6C66BD}.Debug|x86.ActiveCfg = Debug|Win32
		{2A8CAA34-BCD8-4ABA-BCBC-ECBFFE6C66BD}.Debug|x86.Build.0 = Debug|Win32
		{2A8CAA34-BCD8-4ABA-BCBC-ECBFFE6C66BD}.Release|x64.ActiveCfg = Release|x64
		{2A8CAA34-BCD8-4ABA-BCBC-ECBFFE6C66BD}.Release|x64.Build.0 = Release|x64
		{2A8CAA34-BCD8-4ABA-BCBC-ECBFFE6C66BD}.Release|x86.ActiveCfg = Release|Win32
		{2A8CAA34-BCD8-4ABA-BCBC-ECBFFE6C66BD}.Release|x86.Build.0 = Release|Win32
		{15FAA158-8C77-404D-A04C-4ACC34752E36}.Debug|x64.ActiveCfg = Debug|x64
		{15FAA158-8C77-404D-A04C-4ACC34752E36}.Debug|x64.Build.0 = Debug|x64
		{15FAA158-8C77-404D-A04C-4ACC34752E36}.Debug|x86.ActiveCfg = Debug|Win32
		{15FAA158-8C77-404D-A04C-4ACC34752E36}.Debug|x86.Build.0 = Debug|Win32
		{15FAA158-8C77-404D-A04C-4ACC34752E36}.Release|x64.ActiveCfg = Release|x64
		{15FAA158-8C77-404D-A04C-4ACC34752E36}.Release|x64.Build.0 = Release|x64
		{15FAA158-8C77-404D-A04C-4ACC34752E36}.Release|x86.ActiveCfg = Release|Win32
		{15FAA158-8C77-404D-A04C-4ACC34752E36}.Release|x86.Build.0 = Release|Win32
		{B2C618B6-49EB-4EB8-B46C-0A1A83AAC769}.Debug|x64.ActiveCfg = Debug|x64
		{B2C618B6-49EB-4EB8-B46C-0A1A83AAC769}.Debug|x64.Build.0 = Debug|x64
		{B2C618B6-49EB-4EB8-B46C-0A1A83AAC769}.Debug|x86.ActiveCfg = Debug|Win32
		{B2C618B6-49EB-4EB8-B46C-0A1A83AAC769}.Debug|x86.Build.0 = Debug|Win32
		{B2C618B6-49EB-4EB8-B46C-0A1A83AAC769}.Release|x64.ActiveCfg = Release|x64
		{B2C618B6-49EB-4EB8-B46C-0A1A83AAC769}.Release|x64.Build.0 = Release|x64
		{B2C618B6-49EB-4EB8-B46C-0A1A83AAC769}.Release|x86.ActiveCfg = Release|Win32
		{B2C618B6-49EB-4EB8-B46C-0A1A83AAC769}.Release|x86.Build.0 = Release|Win32
		{379F471E-039A-4B9F-B72F-FFD467216F3D}.Debug|x64.ActiveCfg = Debug|x64
		{379F471E-039A-4B9F-B72F-FFD467216F3D}.Debug|x64.Build.0 = Debug|x64
		{379F471E-039A-4B9F-B72F-FFD467216F3D}.Debug|x86.ActiveCfg = Debug|Win32
		{379F471E-039A-4B9F-B72F-FFD467216F3D}.Debug|x86.Build.0 = Debug|Win32
		{379F471E-039A-4B9F-B72F-FFD467216F3D}.Release|x64.ActiveCfg = Release|x64
		{379F471E-039A-4B9F-B72F-FFD467216F3D}.Release|x64.Build.0 = Release|x64
		{379F471E-039A-4B9F-B72F-FFD467216F3D}.Release|x86.ActiveCfg = Release|Win32
		{379F471E-039A-4B9F-B72F-FFD467216F3D}.Release|x86.Build.0 = Release|Win32
		{71A49343-F8F0-4B11-A945-DF20DE0352B4}.Debug|x64.ActiveCfg = Debug|x64
		{71A49343-F8F0-4B11-A945-DF20DE0352B4}.Debug|x64.Build.0 = Debug|x64
		{71A49343-F8F0-4B11-A945-DF20DE0352B4}.Debug|x86.ActiveCfg = Debug|Win32
		{71A49343-F8F0-4B11-A945-DF20DE0352B4}.Debug|x86.Build.0 = Debug|Win32
		{71A49343-F8F0-4B11-A945-DF20DE0352B4}.Release|x64.ActiveCfg = Release|x64
		{71A49343-F8F0-4B11-A945-DF20DE0352B4}.Release|x64.Build.0 = Release|x64
		{71A49343-F8F0-4B11-A945-DF20DE0352B4}.Release|x86.ActiveCfg = Release|Win32
		{71A49343-F8F0-4B11-A945-DF20DE0352B4}.Release|x86.Build.0 = Release|Win32
		{9B01EE98-5E6E-40FF-9119-F97113241E96}.Debug|x64.ActiveCfg = Debug|x64
		{9B01EE98-5E6E-40FF-9119-F97113241E96}.Debug|x64.Build.0 = Debug|x64
		{9B01EE98-5E6E-40FF-9119-F97113241E96}.Debug|x86.ActiveCfg = Debug|Win32
		{9B01EE98-5E6E-40FF-9119-F97113241E96}.Debug|x86.Build.0 = Debug|Win32
		{9B01EE98-5E6E-40FF-9119-F97113241E96}.Release|x64.ActiveCfg = Release|x64
		{9B01EE98-5E6E-40FF-9119-F97113241E96}.Release|x64.Build.0 = Release|x64
		{9B01EE98-5E6E-40FF-9119-F97113241E96}.Release|x86.ActiveCfg = Release|Win32
		{9B01EE98-5E6E-40FF-9119-F97113241E96}.Release|x86.Build.0 = Release|Win32
		{0890D108-A794-4604-A278-F882756DD48A}.Debug|x64.ActiveCfg = Debug|x64
		{0890D108-A794-4604-A278-F882756DD48A}.Debug|x64.Build.0 = Debug|x64
		{0890D108-A794-4604-A278-F882756DD48A}.Debug|x86.ActiveCfg = Debug|Win32
		{0890D108-A794-4604-A278-F882756DD48A}.Debug|x86.Build.0 = Debug|Win32
		{0890D108-A794-4604-A278-F882756DD48A}.Release|x64.ActiveCfg = Release|x64
		{0890D108-A794-4604-A278-F882756DD48A}.Release|x64.Build.0 = Release|x64
		{0890D108-A794-4604-A278-F882756DD48A}.Release|x86.ActiveCfg = Release|Win32
		{0890D108-A794-4604-A278-F882756DD48A}.Release|x86.Build.0 = Release|Win32
	EndGlobalSection
	GlobalSection(SolutionProperties) = preSolution
		HideSolutionNode = FALSE
	EndGlobalSection
EndGlobal
